
Microsoft Visual Studio Solution File, Format Version 12.00
# Visual Studio Version 16
VisualStudioVersion = 16.0.30406.217
MinimumVisualStudioVersion = 10.0.40219.1
Project("{9A19103F-16F7-4668-BE54-9A1E7A4F7556}") = "TestDllConsoleApp", "TestDllConsoleApp.csproj", "{17F943D4-CDAA-4576-9B32-6F8F9C5EA80C}"
EndProject
Global
	GlobalSection(SolutionConfigurationPlatforms) = preSolution
		Debug|Any CPU = Debug|Any CPU
		Release|Any CPU = Release|Any CPU
	EndGlobalSection
	GlobalSection(ProjectConfigurationPlatforms) = postSolution
		{17F943D4-CDAA-4576-9B32-6F8F9C5EA80C}.Debug|Any CPU.ActiveCfg = Debug|Any CPU
		{17F943D4-CDAA-4576-9B32-6F8F9C5EA80C}.Debug|Any CPU.Build.0 = Debug|Any CPU
		{17F943D4-CDAA-4576-9B32-6F8F9C5EA80C}.Release|Any CPU.ActiveCfg = Release|Any CPU
		{17F943D4-CDAA-4576-9B32-6F8F9C5EA80C}.Release|Any CPU.Build.0 = Release|Any CPU
	EndGlobalSection
	GlobalSection(SolutionProperties) = preSolution
		HideSolutionNode = FALSE
	EndGlobalSection
	GlobalSection(ExtensibilityGlobals) = postSolution
		SolutionGuid = {EF8FA5AA-988B-414B-BC1D-48382E53CF07}
	EndGlobalSection
EndGlobal
